
Microsoft Visual Studio Solution File, Format Version 12.00
# Visual Studio Version 17
VisualStudioVersion = 17.9.34902.65
MinimumVisualStudioVersion = 10.0.40219.1
Project("{FAE04EC0-301F-11D3-BF4B-00C04F79EFBC}") = "MagicVilla_API", "MagicVilla_API\MagicVilla_API.csproj", "{915A841C-3F02-4072-87FB-05DF6D5BBA92}"
EndProject
Global
	GlobalSection(SolutionConfigurationPlatforms) = preSolution
		Debug|Any CPU = Debug|Any CPU
		Release|Any CPU = Release|Any CPU
	EndGlobalSection
	GlobalSection(ProjectConfigurationPlatforms) = postSolution
		{915A841C-3F02-4072-87FB-05DF6D5BBA92}.Debug|Any CPU.ActiveCfg = Debug|Any CPU
		{915A841C-3F02-4072-87FB-05DF6D5BBA92}.Debug|Any CPU.Build.0 = Debug|Any CPU
		{915A841C-3F02-4072-87FB-05DF6D5BBA92}.Release|Any CPU.ActiveCfg = Release|Any CPU
		{915A841C-3F02-4072-87FB-05DF6D5BBA92}.Release|Any CPU.Build.0 = Release|Any CPU
	EndGlobalSection
	GlobalSection(SolutionProperties) = preSolution
		HideSolutionNode = FALSE
	EndGlobalSection
	GlobalSection(ExtensibilityGlobals) = postSolution
		SolutionGuid = {CE4C9647-6147-4124-B335-6F198217BA2B}
	EndGlobalSection
EndGlobal
